
Microsoft Visual Studio Solution File, Format Version 12.00
# Visual Studio Version 17
VisualStudioVersion = 17.2.32616.157
MinimumVisualStudioVersion = 10.0.40219.1
Project("{FAE04EC0-301F-11D3-BF4B-00C04F79EFBC}") = "BackEnd-Ecollama", "BackEnd-Ecollama\BackEnd-Ecollama.csproj", "{03F0374F-7D03-4F36-9E34-645EB7E19314}"
EndProject
Global
	GlobalSection(SolutionConfigurationPlatforms) = preSolution
		Debug|Any CPU = Debug|Any CPU
		Release|Any CPU = Release|Any CPU
	EndGlobalSection
	GlobalSection(ProjectConfigurationPlatforms) = postSolution
		{03F0374F-7D03-4F36-9E34-645EB7E19314}.Debug|Any CPU.ActiveCfg = Debug|Any CPU
		{03F0374F-7D03-4F36-9E34-645EB7E19314}.Debug|Any CPU.Build.0 = Debug|Any CPU
		{03F0374F-7D03-4F36-9E34-645EB7E19314}.Release|Any CPU.ActiveCfg = Release|Any CPU
		{03F0374F-7D03-4F36-9E34-645EB7E19314}.Release|Any CPU.Build.0 = Release|Any CPU
	EndGlobalSection
	GlobalSection(SolutionProperties) = preSolution
		HideSolutionNode = FALSE
	EndGlobalSection
	GlobalSection(ExtensibilityGlobals) = postSolution
		SolutionGuid = {F14B4BBB-D44D-42EF-B80B-0B7C65EF7F8C}
	EndGlobalSection
EndGlobal
